
Microsoft Visual Studio Solution File, Format Version 12.00
# Visual Studio Version 16
VisualStudioVersion = 16.0.29519.87
MinimumVisualStudioVersion = 10.0.40219.1
Project("{FAE04EC0-301F-11D3-BF4B-00C04F79EFBC}") = "Templates And Presentation", "Templates And Presentation.csproj", "{A3CF120F-873D-4D99-B24F-3D609023D5C3}"
EndProject
Global
	GlobalSection(SolutionConfigurationPlatforms) = preSolution
		Debug|Any CPU = Debug|Any CPU
		Release|Any CPU = Release|Any CPU
	EndGlobalSection
	GlobalSection(ProjectConfigurationPlatforms) = postSolution
		{A3CF120F-873D-4D99-B24F-3D609023D5C3}.Debug|Any CPU.ActiveCfg = Debug|Any CPU
		{A3CF120F-873D-4D99-B24F-3D609023D5C3}.Debug|Any CPU.Build.0 = Debug|Any CPU
		{A3CF120F-873D-4D99-B24F-3D609023D5C3}.Release|Any CPU.ActiveCfg = Release|Any CPU
		{A3CF120F-873D-4D99-B24F-3D609023D5C3}.Release|Any CPU.Build.0 = Release|Any CPU
	EndGlobalSection
	GlobalSection(SolutionProperties) = preSolution
		HideSolutionNode = FALSE
	EndGlobalSection
	GlobalSection(ExtensibilityGlobals) = postSolution
		SolutionGuid = {02A8EBFC-A8DE-4642-B4D4-731DD49A9B0D}
	EndGlobalSection
EndGlobal
